{
  "lockfileVersion": 1,
  "configVersion": 1,
  "workspaces": {
    "": {
      "name": "@mimimilli/spike-logtape-file-sink",
      "dependencies": {
        "@logtape/file": "^2.3.0",
        "@logtape/logtape": "^2.3.0",
      },
    },
  },
  "packages": {
    "@logtape/file": ["@logtape/file@2.3.0", "", { "peerDependencies": { "@logtape/logtape": "^2.3.0" } }, "sha512-IO1IV+WSmEjf6RpdS7EnbcytrV4EUbDngeZhSeTrXQjremGZPljwqQsgjTXaK845jwIUhV2852ezAA7UBfMyXQ=="],

    "@logtape/logtape": ["@logtape/logtape@2.3.0", "", {}, "sha512-s/pxCgf9Gg75ypTV/bRUq355Dy/JP/zUJWfgJQPO5pTkXC23X2AXBcmBBgFiWH+bSi4yiX/G06qGV8CdAWD3SA=="],
  }
}
